
Microsoft Visual Studio Solution File, Format Version 12.00
# Visual Studio 2013
VisualStudioVersion = 12.0.31101.0
MinimumVisualStudioVersion = 10.0.40219.1
Project("{2150E333-8FDC-42A3-9474-1A3956D46DE8}") = ".nuget", ".nuget", "{578FB5BE-4842-4455-910C-1F7BA949E52A}"
	ProjectSection(SolutionItems) = preProject
		.nuget\NuGet.Config = .nuget\NuGet.Config
		.nuget\NuGet.exe = .nuget\NuGet.exe
		.nuget\NuGet.targets = .nuget\NuGet.targets
	EndProjectSection
EndProject
Project("{FAE04EC0-301F-11D3-BF4B-00C04F79EFBC}") = "AspNet.Identity.IntegerKeys", "AspNet.Identity.IntegerKeys\AspNet.Identity.IntegerKeys.csproj", "{A1E99054-026E-4C46-8541-DF7DF1B9AA3D}"
EndProject
Project("{FAE04EC0-301F-11D3-BF4B-00C04F79EFBC}") = "AspNet.Identity.IntegerKeys.Test", "AspNet.Identity.IntegerKeys.Test\AspNet.Identity.IntegerKeys.Test.csproj", "{BE9D1F2A-260C-4BB3-BBEB-D95D9CCC0A4E}"
EndProject
Project("{2150E333-8FDC-42A3-9474-1A3956D46DE8}") = "Solution Items", "Solution Items", "{53CC0EC6-D738-4F83-8615-6043C4DABBC8}"
	ProjectSection(SolutionItems) = preProject
		.gitignore = .gitignore
		LICENSE = LICENSE
		push_to_nuget.ps1 = push_to_nuget.ps1
		README.md = README.md
	EndProjectSection
EndProject
Global
	GlobalSection(SolutionConfigurationPlatforms) = preSolution
		Debug|Any CPU = Debug|Any CPU
		Release|Any CPU = Release|Any CPU
	EndGlobalSection
	GlobalSection(ProjectConfigurationPlatforms) = postSolution
		{A1E99054-026E-4C46-8541-DF7DF1B9AA3D}.Debug|Any CPU.ActiveCfg = Debug|Any CPU
		{A1E99054-026E-4C46-8541-DF7DF1B9AA3D}.Debug|Any CPU.Build.0 = Debug|Any CPU
		{A1E99054-026E-4C46-8541-DF7DF1B9AA3D}.Release|Any CPU.ActiveCfg = Release|Any CPU
		{A1E99054-026E-4C46-8541-DF7DF1B9AA3D}.Release|Any CPU.Build.0 = Release|Any CPU
		{BE9D1F2A-260C-4BB3-BBEB-D95D9CCC0A4E}.Debug|Any CPU.ActiveCfg = Debug|Any CPU
		{BE9D1F2A-260C-4BB3-BBEB-D95D9CCC0A4E}.Debug|Any CPU.Build.0 = Debug|Any CPU
		{BE9D1F2A-260C-4BB3-BBEB-D95D9CCC0A4E}.Release|Any CPU.ActiveCfg = Release|Any CPU
		{BE9D1F2A-260C-4BB3-BBEB-D95D9CCC0A4E}.Release|Any CPU.Build.0 = Release|Any CPU
	EndGlobalSection
	GlobalSection(SolutionProperties) = preSolution
		HideSolutionNode = FALSE
	EndGlobalSection
EndGlobal
