
Microsoft Visual Studio Solution File, Format Version 12.00
# Visual Studio 15
VisualStudioVersion = 15.0.26730.3
MinimumVisualStudioVersion = 10.0.40219.1
Project("{FAE04EC0-301F-11D3-BF4B-00C04F79EFBC}") = "AspNet.Identity.IntegerKeys", "AspNet.Identity.IntegerKeys\AspNet.Identity.IntegerKeys.csproj", "{A1E99054-026E-4C46-8541-DF7DF1B9AA3D}"
EndProject
Project("{FAE04EC0-301F-11D3-BF4B-00C04F79EFBC}") = "AspNet.Identity.IntegerKeys.Test", "AspNet.Identity.IntegerKeys.Test\AspNet.Identity.IntegerKeys.Test.csproj", "{BE9D1F2A-260C-4BB3-BBEB-D95D9CCC0A4E}"
EndProject
Project("{2150E333-8FDC-42A3-9474-1A3956D46DE8}") = "Solution Items", "Solution Items", "{53CC0EC6-D738-4F83-8615-6043C4DABBC8}"
	ProjectSection(SolutionItems) = preProject
		.gitignore = .gitignore
		AspNet.Identity.IntegerKeys.nuspec = AspNet.Identity.IntegerKeys.nuspec
		README.md = README.md
	EndProjectSection
EndProject
Project("{FAE04EC0-301F-11D3-BF4B-00C04F79EFBC}") = "AspNet.Identity.IntegerKeys.Example", "AspNet.Identity.IntegerKeys.Example\AspNet.Identity.IntegerKeys.Example.csproj", "{5575D76B-E268-4DD7-A0DF-D485EE00353F}"
EndProject
Global
	GlobalSection(SolutionConfigurationPlatforms) = preSolution
		Debug|Any CPU = Debug|Any CPU
		Release|Any CPU = Release|Any CPU
	EndGlobalSection
	GlobalSection(ProjectConfigurationPlatforms) = postSolution
		{A1E99054-026E-4C46-8541-DF7DF1B9AA3D}.Debug|Any CPU.ActiveCfg = Debug|Any CPU
		{A1E99054-026E-4C46-8541-DF7DF1B9AA3D}.Debug|Any CPU.Build.0 = Debug|Any CPU
		{A1E99054-026E-4C46-8541-DF7DF1B9AA3D}.Release|Any CPU.ActiveCfg = Release|Any CPU
		{A1E99054-026E-4C46-8541-DF7DF1B9AA3D}.Release|Any CPU.Build.0 = Release|Any CPU
		{BE9D1F2A-260C-4BB3-BBEB-D95D9CCC0A4E}.Debug|Any CPU.ActiveCfg = Debug|Any CPU
		{BE9D1F2A-260C-4BB3-BBEB-D95D9CCC0A4E}.Debug|Any CPU.Build.0 = Debug|Any CPU
		{BE9D1F2A-260C-4BB3-BBEB-D95D9CCC0A4E}.Release|Any CPU.ActiveCfg = Release|Any CPU
		{BE9D1F2A-260C-4BB3-BBEB-D95D9CCC0A4E}.Release|Any CPU.Build.0 = Release|Any CPU
		{5575D76B-E268-4DD7-A0DF-D485EE00353F}.Debug|Any CPU.ActiveCfg = Debug|Any CPU
		{5575D76B-E268-4DD7-A0DF-D485EE00353F}.Debug|Any CPU.Build.0 = Debug|Any CPU
		{5575D76B-E268-4DD7-A0DF-D485EE00353F}.Release|Any CPU.ActiveCfg = Release|Any CPU
		{5575D76B-E268-4DD7-A0DF-D485EE00353F}.Release|Any CPU.Build.0 = Release|Any CPU
	EndGlobalSection
	GlobalSection(SolutionProperties) = preSolution
		HideSolutionNode = FALSE
	EndGlobalSection
	GlobalSection(ExtensibilityGlobals) = postSolution
		SolutionGuid = {E2392655-F1E9-4B97-9FA3-EEDD0B7F0E2B}
	EndGlobalSection
EndGlobal
